{
  "version": "4",
  "specifiers": {
    "jsr:@std/assert@1": "1.0.9",
    "jsr:@std/internal@^1.0.5": "1.0.5",
    "npm:@utxorpc/sdk@*": "0.6.4_@connectrpc+connect@1.4.0__@bufbuild+protobuf@1.10.0",
    "npm:@utxorpc/sdk@~0.6.4": "0.6.4_@connectrpc+connect@1.4.0__@bufbuild+protobuf@1.10.0"
  },
  "jsr": {
    "@std/assert@1.0.9": {
      "integrity": "a9f0c611a869cc791b26f523eec54c7e187aab7932c2c8e8bea0622d13680dcd",
      "dependencies": [
        "jsr:@std/internal"
      ]
    },
    "@std/internal@1.0.5": {
      "integrity": "54a546004f769c1ac9e025abd15a76b6671ddc9687e2313b67376125650dc7ba"
    }
  },
  "npm": {
    "@bufbuild/protobuf@1.10.0": {
      "integrity": "sha512-QDdVFLoN93Zjg36NoQPZfsVH9tZew7wKDKyV5qRdj8ntT4wQCOradQjRaTdwMhWUYsgKsvCINKKm87FdEk96Ag=="
    },
    "@connectrpc/connect-node@1.4.0_@bufbuild+protobuf@1.10.0_@connectrpc+connect@1.4.0__@bufbuild+protobuf@1.10.0": {
      "integrity": "sha512-0ANnrr6SvsjevsWEgdzHy7BaHkluZyS6s4xNoVt7RBHFR5V/kT9lPokoIbYUOU9JHzdRgTaS3x5595mwUsu15g==",
      "dependencies": [
        "@bufbuild/protobuf",
        "@connectrpc/connect",
        "undici"
      ]
    },
    "@connectrpc/connect-web@1.4.0_@bufbuild+protobuf@1.10.0_@connectrpc+connect@1.4.0__@bufbuild+protobuf@1.10.0": {
      "integrity": "sha512-13aO4psFbbm7rdOFGV0De2Za64DY/acMspgloDlcOKzLPPs0yZkhp1OOzAQeiAIr7BM/VOHIA3p8mF0inxCYTA==",
      "dependencies": [
        "@bufbuild/protobuf",
        "@connectrpc/connect"
      ]
    },
    "@connectrpc/connect@1.4.0_@bufbuild+protobuf@1.10.0": {
      "integrity": "sha512-vZeOkKaAjyV4+RH3+rJZIfDFJAfr+7fyYr6sLDKbYX3uuTVszhFe9/YKf5DNqrDb5cKdKVlYkGn6DTDqMitAnA==",
      "dependencies": [
        "@bufbuild/protobuf"
      ]
    },
    "@fastify/busboy@2.1.1": {
      "integrity": "sha512-vBZP4NlzfOlerQTnba4aqZoMhE/a9HY7HRqoOPaETQcSQuWEIyZMHGfVu6w9wGtGK5fED5qRs2DteVCjOH60sA=="
    },
    "@types/node@20.14.10": {
      "integrity": "sha512-MdiXf+nDuMvY0gJKxyfZ7/6UFsETO7mGKF54MVD/ekJS6HdFtpZFBgrh6Pseu64XTb2MLyFPlbW6hj8HYRQNOQ==",
      "dependencies": [
        "undici-types"
      ]
    },
    "@utxorpc/sdk@0.6.4_@connectrpc+connect@1.4.0__@bufbuild+protobuf@1.10.0": {
      "integrity": "sha512-DQK/w+5KTtufOr+pZ9fnms9C3/k/93EuWlVnqQaCLxU6N3vjYrIMF9gQgd9/ynE4zYM+VHjRjlvchEIGXBufYA==",
      "dependencies": [
        "@connectrpc/connect",
        "@connectrpc/connect-node",
        "@connectrpc/connect-web",
        "@types/node",
        "@utxorpc/spec",
        "buffer"
      ]
    },
    "@utxorpc/spec@0.12.0": {
      "integrity": "sha512-Xl1PD3zui79ZoOqj8xQjUrA/+qxwJ4k7wlfmEDrSOPoKePtGlZNMwWL6SOU/GprgZOPWmtdlfmDQiTQVLZXL+Q==",
      "dependencies": [
        "@bufbuild/protobuf"
      ]
    },
    "base64-js@1.5.1": {
      "integrity": "sha512-AKpaYlHn8t4SVbOHCy+b5+KKgvR4vrsD8vbvrbiQJps7fKDTkjkDry6ji0rUJjC0kzbNePLwzxq8iypo41qeWA=="
    },
    "buffer@6.0.3": {
      "integrity": "sha512-FTiCpNxtwiZZHEZbcbTIcZjERVICn9yq/pDFkTl95/AxzD1naBctN7YO68riM/gLSDY7sdrMby8hofADYuuqOA==",
      "dependencies": [
        "base64-js",
        "ieee754"
      ]
    },
    "ieee754@1.2.1": {
      "integrity": "sha512-dcyqhDvX1C46lXZcVqCpK+FtMRQVdIMN6/Df5js2zouUsqG7I6sFxitIC+7KYK29KdXOLHdu9zL4sFnoVQnqaA=="
    },
    "undici-types@5.26.5": {
      "integrity": "sha512-JlCMO+ehdEIKqlFxk6IfVoAUVmgz7cU7zD/h9XZ0qzeosSHmUJVOzSQvvYSYWXkFXC+IfLKSIffhv0sVZup6pA=="
    },
    "undici@5.28.4": {
      "integrity": "sha512-72RFADWFqKmUb2hmmvNODKL3p9hcB6Gt2DOQMis1SEBaV6a4MH8soBvzg+95CYhCKPFedut2JY9bMfrDl9D23g==",
      "dependencies": [
        "@fastify/busboy"
      ]
    }
  },
  "remote": {
    "https://deno.land/std@0.100.0/encoding/hex.ts": "f952e0727bddb3b2fd2e6889d104eacbd62e92091f540ebd6459317a61932d9b",
    "https://deno.land/std@0.148.0/bytes/equals.ts": "3c3558c3ae85526f84510aa2b48ab2ad7bdd899e2e0f5b7a8ffc85acb3a6043a",
    "https://deno.land/std@0.148.0/bytes/mod.ts": "763f97d33051cc3f28af1a688dfe2830841192a9fea0cbaa55f927b49d49d0bf",
    "https://deno.land/std@0.153.0/hash/sha256.ts": "aa9479c260f41b72c639f36c3e4bc9319940b5d2e52fe793ebe3dc646d12832f",
    "https://deno.land/x/lucid@0.10.11/mod.ts": "9473507398048cb24dbb37b3a220777106c69c28d573898648deb2bb84a7e131",
    "https://deno.land/x/lucid@0.10.11/package.json": "036669fcc547fb3001619e5c8e461094d210884aa202051af7002ea1998a0477",
    "https://deno.land/x/lucid@0.10.11/src/core/core.ts": "7567a72bb4aad70a3efe288b4f6e62623019c214ac6d1e17a65c274b7ea500cc",
    "https://deno.land/x/lucid@0.10.11/src/core/libs/cardano_message_signing/cardano_message_signing.generated.js": "2aeaad059f0aaef616a2368362a4a721c39a6631558b1873bdb4bd48900b9200",
    "https://deno.land/x/lucid@0.10.11/src/core/libs/cardano_multiplatform_lib/cardano_multiplatform_lib.generated.js": "8be7a259ec2ef1608206d4957d32c1c1eaba8c55f1b214ef546ed9d00d3833dd",
    "https://deno.land/x/lucid@0.10.11/src/core/mod.ts": "978b94101791fdad3113e5a9fa3813b1f48a8e505f68da14bcad72668b294926",
    "https://deno.land/x/lucid@0.10.11/src/lucid/lucid.ts": "47b7226b738a13f2842f517bb77da243596d28e8613472ba2c6d9f30399b1264",
    "https://deno.land/x/lucid@0.10.11/src/lucid/message.ts": "b16bb7c06cbc81c777ac116d95db32959af42bc093ebe86b65f2dbc28b75f9b2",
    "https://deno.land/x/lucid@0.10.11/src/lucid/mod.ts": "94bfe48ee683e932a67347786a1253a2e7277e53b1dc192d045d70bc5ce9bc10",
    "https://deno.land/x/lucid@0.10.11/src/lucid/tx.ts": "9bd64c6eec91b3facef83323cf1881d63e8b82b004af72c7bce02fc945dbe6a8",
    "https://deno.land/x/lucid@0.10.11/src/lucid/tx_complete.ts": "a687e19df52072fe239af33081cfddf2fba40011324ff86f3352042940a65362",
    "https://deno.land/x/lucid@0.10.11/src/lucid/tx_signed.ts": "58edce3295e5fa14977120d887b43796ebd40893caaf012d441a8b56909c8ae1",
    "https://deno.land/x/lucid@0.10.11/src/misc/bip39.ts": "7dc0f49f96d43a254a048a956cac31ef8c8045f69f3b8dbc5350bc6c601441eb",
    "https://deno.land/x/lucid@0.10.11/src/misc/crc8.ts": "c9abda52851d5c575f6a8714c3600d2e63bb8cfc942e035486b1ab03b780e2f9",
    "https://deno.land/x/lucid@0.10.11/src/misc/sign_data.ts": "6f5066d19455ade77615b5cbbf5dd9947ea691a7b764f96c81ba911cc84183e5",
    "https://deno.land/x/lucid@0.10.11/src/misc/wallet.ts": "7a8d63c234f0741dc49d3134554b7c455e24f4692ba42a3843aad7e37bcc7d2b",
    "https://deno.land/x/lucid@0.10.11/src/mod.ts": "f4156883dc0dc394e9fd9e9e7222537a61ff8b2781a88761d7bcb65123a16bcf",
    "https://deno.land/x/lucid@0.10.11/src/plutus/data.ts": "b6eb205124e6f340f47dd789d94d91146b2bf038c6a76b57ede12874b60d5920",
    "https://deno.land/x/lucid@0.10.11/src/plutus/mod.ts": "3a7f784e950348d447cd6bcb27546b20902fae167e04fd42e67bfad57216e1a7",
    "https://deno.land/x/lucid@0.10.11/src/plutus/time.ts": "f142f03f897a6e57625e8c0752bb73397818090871f3cff123ec64311590b6f9",
    "https://deno.land/x/lucid@0.10.11/src/provider/blockfrost.ts": "309658de3e98d89d986587e61c68b3bb607bad96d1a7564279366b7c45b9cf28",
    "https://deno.land/x/lucid@0.10.11/src/provider/emulator.ts": "b3147ff97914a6d035c3899f5129edb8d48217fb2510ccc26010ce72b19a44c0",
    "https://deno.land/x/lucid@0.10.11/src/provider/kupmios.ts": "33975fb8696df647abe561ea06c73316530b470b45363ab7370d24e31299fd1e",
    "https://deno.land/x/lucid@0.10.11/src/provider/maestro.ts": "a614e43f2fae97c28bf7e6c65a7c4bb5d48cf0d2640cc586b1f71ae1d5c6a427",
    "https://deno.land/x/lucid@0.10.11/src/provider/mod.ts": "76b36094551556045e851fe0ba6012626e1a08c03dec62a21b69d22311266379",
    "https://deno.land/x/lucid@0.10.11/src/types/global.ts": "21c13401f8b317ba914f0fa13d281d88134a3853961e4fd4eee9527efa7336f9",
    "https://deno.land/x/lucid@0.10.11/src/types/mod.ts": "2e6e4ffd7077025d1b45af726756455fc9c915666dd7f23a041be058039b49c6",
    "https://deno.land/x/lucid@0.10.11/src/types/types.ts": "6cc2bf94692255f469867dbcf55c79e15bfccdc7ba3a1a8f3c29f98bb889efe4",
    "https://deno.land/x/lucid@0.10.11/src/utils/cost_model.ts": "3bace1c21e7936c41e62aad11754970267d4006e049e837e4ce471efb3809afb",
    "https://deno.land/x/lucid@0.10.11/src/utils/merkle_tree.ts": "af39a9167eb8b083a19a980916c95ab40332e959ef20bc43fdfef69eef08e594",
    "https://deno.land/x/lucid@0.10.11/src/utils/mod.ts": "7e405bfa0db96d9e995e67fb77251e8465843addf141caf4ce64b3efa6077822",
    "https://deno.land/x/lucid@0.10.11/src/utils/utils.ts": "177ec0578b788f947f6afb6cc911c4eae776aaf98b5249412a750b8f366b4d11",
    "https://deno.land/x/typebox@0.25.13/src/typebox.ts": "9b20b62c0bf31f1a9128b6dc6dfd470a5d956a48f0b0ef0a1ccc4d794fb55dcc"
  },
  "workspace": {
    "dependencies": [
      "jsr:@std/assert@1",
      "npm:@utxorpc/sdk@~0.6.4"
    ]
  }
}
