{
  "version": "4",
  "specifiers": {
    "jsr:@std/assert@1": "1.0.9",
    "jsr:@std/internal@^1.0.5": "1.0.5",
    "npm:@utxorpc/sdk@*": "0.6.4_@connectrpc+connect@1.4.0__@bufbuild+protobuf@1.10.0",
    "npm:@utxorpc/sdk@~0.6.4": "0.6.4_@connectrpc+connect@1.4.0__@bufbuild+protobuf@1.10.0"
  },
  "jsr": {
    "@std/assert@1.0.9": {
      "integrity": "a9f0c611a869cc791b26f523eec54c7e187aab7932c2c8e8bea0622d13680dcd",
      "dependencies": [
        "jsr:@std/internal"
      ]
    },
    "@std/internal@1.0.5": {
      "integrity": "54a546004f769c1ac9e025abd15a76b6671ddc9687e2313b67376125650dc7ba"
    }
  },
  "npm": {
    "@bufbuild/protobuf@1.10.0": {
      "integrity": "sha512-QDdVFLoN93Zjg36NoQPZfsVH9tZew7wKDKyV5qRdj8ntT4wQCOradQjRaTdwMhWUYsgKsvCINKKm87FdEk96Ag=="
    },
    "@connectrpc/connect-node@1.4.0_@bufbuild+protobuf@1.10.0_@connectrpc+connect@1.4.0__@bufbuild+protobuf@1.10.0": {
      "integrity": "sha512-0ANnrr6SvsjevsWEgdzHy7BaHkluZyS6s4xNoVt7RBHFR5V/kT9lPokoIbYUOU9JHzdRgTaS3x5595mwUsu15g==",
      "dependencies": [
        "@bufbuild/protobuf",
        "@connectrpc/connect",
        "undici"
      ]
    },
    "@connectrpc/connect-web@1.4.0_@bufbuild+protobuf@1.10.0_@connectrpc+connect@1.4.0__@bufbuild+protobuf@1.10.0": {
      "integrity": "sha512-13aO4psFbbm7rdOFGV0De2Za64DY/acMspgloDlcOKzLPPs0yZkhp1OOzAQeiAIr7BM/VOHIA3p8mF0inxCYTA==",
      "dependencies": [
        "@bufbuild/protobuf",
        "@connectrpc/connect"
      ]
    },
    "@connectrpc/connect@1.4.0_@bufbuild+protobuf@1.10.0": {
      "integrity": "sha512-vZeOkKaAjyV4+RH3+rJZIfDFJAfr+7fyYr6sLDKbYX3uuTVszhFe9/YKf5DNqrDb5cKdKVlYkGn6DTDqMitAnA==",
      "dependencies": [
        "@bufbuild/protobuf"
      ]
    },
    "@fastify/busboy@2.1.1": {
      "integrity": "sha512-vBZP4NlzfOlerQTnba4aqZoMhE/a9HY7HRqoOPaETQcSQuWEIyZMHGfVu6w9wGtGK5fED5qRs2DteVCjOH60sA=="
    },
    "@types/node@20.14.10": {
      "integrity": "sha512-MdiXf+nDuMvY0gJKxyfZ7/6UFsETO7mGKF54MVD/ekJS6HdFtpZFBgrh6Pseu64XTb2MLyFPlbW6hj8HYRQNOQ==",
      "dependencies": [
        "undici-types"
      ]
    },
    "@utxorpc/sdk@0.6.4_@connectrpc+connect@1.4.0__@bufbuild+protobuf@1.10.0": {
      "integrity": "sha512-DQK/w+5KTtufOr+pZ9fnms9C3/k/93EuWlVnqQaCLxU6N3vjYrIMF9gQgd9/ynE4zYM+VHjRjlvchEIGXBufYA==",
      "dependencies": [
        "@connectrpc/connect",
        "@connectrpc/connect-node",
        "@connectrpc/connect-web",
        "@types/node",
        "@utxorpc/spec",
        "buffer"
      ]
    },
    "@utxorpc/spec@0.12.0": {
      "integrity": "sha512-Xl1PD3zui79ZoOqj8xQjUrA/+qxwJ4k7wlfmEDrSOPoKePtGlZNMwWL6SOU/GprgZOPWmtdlfmDQiTQVLZXL+Q==",
      "dependencies": [
        "@bufbuild/protobuf"
      ]
    },
    "base64-js@1.5.1": {
      "integrity": "sha512-AKpaYlHn8t4SVbOHCy+b5+KKgvR4vrsD8vbvrbiQJps7fKDTkjkDry6ji0rUJjC0kzbNePLwzxq8iypo41qeWA=="
    },
    "buffer@6.0.3": {
      "integrity": "sha512-FTiCpNxtwiZZHEZbcbTIcZjERVICn9yq/pDFkTl95/AxzD1naBctN7YO68riM/gLSDY7sdrMby8hofADYuuqOA==",
      "dependencies": [
        "base64-js",
        "ieee754"
      ]
    },
    "ieee754@1.2.1": {
      "integrity": "sha512-dcyqhDvX1C46lXZcVqCpK+FtMRQVdIMN6/Df5js2zouUsqG7I6sFxitIC+7KYK29KdXOLHdu9zL4sFnoVQnqaA=="
    },
    "undici-types@5.26.5": {
      "integrity": "sha512-JlCMO+ehdEIKqlFxk6IfVoAUVmgz7cU7zD/h9XZ0qzeosSHmUJVOzSQvvYSYWXkFXC+IfLKSIffhv0sVZup6pA=="
    },
    "undici@5.28.4": {
      "integrity": "sha512-72RFADWFqKmUb2hmmvNODKL3p9hcB6Gt2DOQMis1SEBaV6a4MH8soBvzg+95CYhCKPFedut2JY9bMfrDl9D23g==",
      "dependencies": [
        "@fastify/busboy"
      ]
    }
  },
  "workspace": {
    "dependencies": [
      "jsr:@std/assert@1",
      "npm:@utxorpc/sdk@~0.6.4"
    ]
  }
}
